
Microsoft Visual Studio Solution File, Format Version 12.00
# Visual Studio Version 17
VisualStudioVersion = 17.9.34622.214
MinimumVisualStudioVersion = 10.0.40219.1
Project("{FAE04EC0-301F-11D3-BF4B-00C04F79EFBC}") = "eggsvyn3", "eggsvyn3\eggsvyn3.csproj", "{0D6E608F-A458-480D-8690-E0A8251B7432}"
EndProject
Global
	GlobalSection(SolutionConfigurationPlatforms) = preSolution
		Debug|Any CPU = Debug|Any CPU
		Release|Any CPU = Release|Any CPU
	EndGlobalSection
	GlobalSection(ProjectConfigurationPlatforms) = postSolution
		{0D6E608F-A458-480D-8690-E0A8251B7432}.Debug|Any CPU.ActiveCfg = Debug|Any CPU
		{0D6E608F-A458-480D-8690-E0A8251B7432}.Debug|Any CPU.Build.0 = Debug|Any CPU
		{0D6E608F-A458-480D-8690-E0A8251B7432}.Release|Any CPU.ActiveCfg = Release|Any CPU
		{0D6E608F-A458-480D-8690-E0A8251B7432}.Release|Any CPU.Build.0 = Release|Any CPU
	EndGlobalSection
	GlobalSection(SolutionProperties) = preSolution
		HideSolutionNode = FALSE
	EndGlobalSection
	GlobalSection(ExtensibilityGlobals) = postSolution
		SolutionGuid = {00C7D698-0760-4441-B960-46C4D6DF5FBC}
	EndGlobalSection
EndGlobal
